
Microsoft Visual Studio Solution File, Format Version 12.00
# Visual Studio Version 17
VisualStudioVersion = 17.7.34221.43
MinimumVisualStudioVersion = 10.0.40219.1
Project("{FAE04EC0-301F-11D3-BF4B-00C04F79EFBC}") = "MagicVila_VilaAPI", "MagicVila_VilaAPI\MagicVila_VilaAPI.csproj", "{5D943C9D-4C5C-457D-B06A-1652A5FC0013}"
EndProject
Global
	GlobalSection(SolutionConfigurationPlatforms) = preSolution
		Debug|Any CPU = Debug|Any CPU
		Release|Any CPU = Release|Any CPU
	EndGlobalSection
	GlobalSection(ProjectConfigurationPlatforms) = postSolution
		{5D943C9D-4C5C-457D-B06A-1652A5FC0013}.Debug|Any CPU.ActiveCfg = Debug|Any CPU
		{5D943C9D-4C5C-457D-B06A-1652A5FC0013}.Debug|Any CPU.Build.0 = Debug|Any CPU
		{5D943C9D-4C5C-457D-B06A-1652A5FC0013}.Release|Any CPU.ActiveCfg = Release|Any CPU
		{5D943C9D-4C5C-457D-B06A-1652A5FC0013}.Release|Any CPU.Build.0 = Release|Any CPU
	EndGlobalSection
	GlobalSection(SolutionProperties) = preSolution
		HideSolutionNode = FALSE
	EndGlobalSection
	GlobalSection(ExtensibilityGlobals) = postSolution
		SolutionGuid = {B1A19A81-83D9-40D4-A290-A9FA4932C001}
	EndGlobalSection
EndGlobal
